<?xml version="1.0" encoding="utf-8"?>
<Project ToolsVersion="4.0" xmlns="http://schemas.microsoft.com/developer/msbuild/2003">
  <ItemGroup>
    <Filter Include="Source Files">
      <UniqueIdentifier>{4FC737F1-C7A5-4376-A066-2A32D752A2FF}</UniqueIdentifier>
      <Extensions>cpp;c;cc;cxx;c++;cppm;ixx;def;odl;idl;hpj;bat;asm;asmx</Extensions>
    </Filter>
    <Filter Include="Header Files">
      <UniqueIdentifier>{93995380-89BD-4b04-88EB-625FBE52EBFB}</UniqueIdentifier>
      <Extensions>h;hh;hpp;hxx;h++;hm;inl;inc;ipp;xsd</Extensions>
    </Filter>
    <Filter Include="Resource Files">
      <UniqueIdentifier>{67DA6AB6-F800-4c08-8B7A-83BB121AAD01}</UniqueIdentifier>
      <Extensions>rc;ico;cur;bmp;dlg;rc2;rct;bin;rgs;gif;jpg;jpeg;jpe;resx;tiff;tif;png;wav;mfcribbon-ms</Extensions>
    </Filter>
  </ItemGroup>
  <ItemGroup>
    <ClCompile Include="Main.cpp">
      <Filter>Source Files</Filter>
    </ClCompile>
    <ClCompile Include="VideoDecoder.cpp">
      <Filter>Source Files</Filter>
    </ClCompile>
    <ClCompile Include="VideoRenderer.cpp">
      <Filter>Source Files</Filter>
    </ClCompile>
    <ClCompile Include="glad.c">
      <Filter>Source Files</Filter>
    </ClCompile>
    <ClCompile Include="AudioDecoder.cpp">
      <Filter>Source Files</Filter>
    </ClCompile>
    <ClCompile Include="AudioUtils.cpp">
      <Filter>Source Files</Filter>
    </ClCompile>
  </ItemGroup>
  <ItemGroup>
    <ClInclude Include="include\ffmpeg\libavcodec\ac3_parser.h">
      <Filter>Header Files</Filter>
    </ClInclude>
    <ClInclude Include="include\ffmpeg\libavcodec\adts_parser.h">
      <Filter>Header Files</Filter>
    </ClInclude>
    <ClInclude Include="include\ffmpeg\libavcodec\avcodec.h">
      <Filter>Header Files</Filter>
    </ClInclude>
    <ClInclude Include="include\ffmpeg\libavcodec\avdct.h">
      <Filter>Header Files</Filter>
    </ClInclude>
    <ClInclude Include="include\ffmpeg\libavcodec\avfft.h">
      <Filter>Header Files</Filter>
    </ClInclude>
    <ClInclude Include="include\ffmpeg\libavcodec\bsf.h">
      <Filter>Header Files</Filter>
    </ClInclude>
    <ClInclude Include="include\ffmpeg\libavcodec\codec.h">
      <Filter>Header Files</Filter>
    </ClInclude>
    <ClInclude Include="include\ffmpeg\libavcodec\codec_desc.h">
      <Filter>Header Files</Filter>
    </ClInclude>
    <ClInclude Include="include\ffmpeg\libavcodec\codec_id.h">
      <Filter>Header Files</Filter>
    </ClInclude>
    <ClInclude Include="include\ffmpeg\libavcodec\codec_par.h">
      <Filter>Header Files</Filter>
    </ClInclude>
    <ClInclude Include="include\ffmpeg\libavcodec\d3d11va.h">
      <Filter>Header Files</Filter>
    </ClInclude>
    <ClInclude Include="include\ffmpeg\libavcodec\defs.h">
      <Filter>Header Files</Filter>
    </ClInclude>
    <ClInclude Include="include\ffmpeg\libavcodec\dirac.h">
      <Filter>Header Files</Filter>
    </ClInclude>
    <ClInclude Include="include\ffmpeg\libavcodec\dv_profile.h">
      <Filter>Header Files</Filter>
    </ClInclude>
    <ClInclude Include="include\ffmpeg\libavcodec\dxva2.h">
      <Filter>Header Files</Filter>
    </ClInclude>
    <ClInclude Include="include\ffmpeg\libavcodec\jni.h">
      <Filter>Header Files</Filter>
    </ClInclude>
    <ClInclude Include="include\ffmpeg\libavcodec\mediacodec.h">
      <Filter>Header Files</Filter>
    </ClInclude>
    <ClInclude Include="include\ffmpeg\libavcodec\packet.h">
      <Filter>Header Files</Filter>
    </ClInclude>
    <ClInclude Include="include\ffmpeg\libavcodec\qsv.h">
      <Filter>Header Files</Filter>
    </ClInclude>
    <ClInclude Include="include\ffmpeg\libavcodec\vdpau.h">
      <Filter>Header Files</Filter>
    </ClInclude>
    <ClInclude Include="include\ffmpeg\libavcodec\version.h">
      <Filter>Header Files</Filter>
    </ClInclude>
    <ClInclude Include="include\ffmpeg\libavcodec\version_major.h">
      <Filter>Header Files</Filter>
    </ClInclude>
    <ClInclude Include="include\ffmpeg\libavcodec\videotoolbox.h">
      <Filter>Header Files</Filter>
    </ClInclude>
    <ClInclude Include="include\ffmpeg\libavcodec\vorbis_parser.h">
      <Filter>Header Files</Filter>
    </ClInclude>
    <ClInclude Include="include\ffmpeg\libavdevice\avdevice.h">
      <Filter>Header Files</Filter>
    </ClInclude>
    <ClInclude Include="include\ffmpeg\libavdevice\version.h">
      <Filter>Header Files</Filter>
    </ClInclude>
    <ClInclude Include="include\ffmpeg\libavdevice\version_major.h">
      <Filter>Header Files</Filter>
    </ClInclude>
    <ClInclude Include="include\ffmpeg\libavfilter\avfilter.h">
      <Filter>Header Files</Filter>
    </ClInclude>
    <ClInclude Include="include\ffmpeg\libavfilter\buffersink.h">
      <Filter>Header Files</Filter>
    </ClInclude>
    <ClInclude Include="include\ffmpeg\libavfilter\buffersrc.h">
      <Filter>Header Files</Filter>
    </ClInclude>
    <ClInclude Include="include\ffmpeg\libavfilter\version.h">
      <Filter>Header Files</Filter>
    </ClInclude>
    <ClInclude Include="include\ffmpeg\libavfilter\version_major.h">
      <Filter>Header Files</Filter>
    </ClInclude>
    <ClInclude Include="include\ffmpeg\libavformat\avformat.h">
      <Filter>Header Files</Filter>
    </ClInclude>
    <ClInclude Include="include\ffmpeg\libavformat\avio.h">
      <Filter>Header Files</Filter>
    </ClInclude>
    <ClInclude Include="include\ffmpeg\libavformat\version.h">
      <Filter>Header Files</Filter>
    </ClInclude>
    <ClInclude Include="include\ffmpeg\libavformat\version_major.h">
      <Filter>Header Files</Filter>
    </ClInclude>
    <ClInclude Include="include\ffmpeg\libavutil\adler32.h">
      <Filter>Header Files</Filter>
    </ClInclude>
    <ClInclude Include="include\ffmpeg\libavutil\aes.h">
      <Filter>Header Files</Filter>
    </ClInclude>
    <ClInclude Include="include\ffmpeg\libavutil\aes_ctr.h">
      <Filter>Header Files</Filter>
    </ClInclude>
    <ClInclude Include="include\ffmpeg\libavutil\ambient_viewing_environment.h">
      <Filter>Header Files</Filter>
    </ClInclude>
    <ClInclude Include="include\ffmpeg\libavutil\attributes.h">
      <Filter>Header Files</Filter>
    </ClInclude>
    <ClInclude Include="include\ffmpeg\libavutil\audio_fifo.h">
      <Filter>Header Files</Filter>
    </ClInclude>
    <ClInclude Include="include\ffmpeg\libavutil\avassert.h">
      <Filter>Header Files</Filter>
    </ClInclude>
    <ClInclude Include="include\ffmpeg\libavutil\avconfig.h">
      <Filter>Header Files</Filter>
    </ClInclude>
    <ClInclude Include="include\ffmpeg\libavutil\avstring.h">
      <Filter>Header Files</Filter>
    </ClInclude>
    <ClInclude Include="include\ffmpeg\libavutil\avutil.h">
      <Filter>Header Files</Filter>
    </ClInclude>
    <ClInclude Include="include\ffmpeg\libavutil\base64.h">
      <Filter>Header Files</Filter>
    </ClInclude>
    <ClInclude Include="include\ffmpeg\libavutil\blowfish.h">
      <Filter>Header Files</Filter>
    </ClInclude>
    <ClInclude Include="include\ffmpeg\libavutil\bprint.h">
      <Filter>Header Files</Filter>
    </ClInclude>
    <ClInclude Include="include\ffmpeg\libavutil\bswap.h">
      <Filter>Header Files</Filter>
    </ClInclude>
    <ClInclude Include="include\ffmpeg\libavutil\buffer.h">
      <Filter>Header Files</Filter>
    </ClInclude>
    <ClInclude Include="include\ffmpeg\libavutil\camellia.h">
      <Filter>Header Files</Filter>
    </ClInclude>
    <ClInclude Include="include\ffmpeg\libavutil\cast5.h">
      <Filter>Header Files</Filter>
    </ClInclude>
    <ClInclude Include="include\ffmpeg\libavutil\channel_layout.h">
      <Filter>Header Files</Filter>
    </ClInclude>
    <ClInclude Include="include\ffmpeg\libavutil\common.h">
      <Filter>Header Files</Filter>
    </ClInclude>
    <ClInclude Include="include\ffmpeg\libavutil\cpu.h">
      <Filter>Header Files</Filter>
    </ClInclude>
    <ClInclude Include="include\ffmpeg\libavutil\crc.h">
      <Filter>Header Files</Filter>
    </ClInclude>
    <ClInclude Include="include\ffmpeg\libavutil\csp.h">
      <Filter>Header Files</Filter>
    </ClInclude>
    <ClInclude Include="include\ffmpeg\libavutil\des.h">
      <Filter>Header Files</Filter>
    </ClInclude>
    <ClInclude Include="include\ffmpeg\libavutil\detection_bbox.h">
      <Filter>Header Files</Filter>
    </ClInclude>
    <ClInclude Include="include\ffmpeg\libavutil\dict.h">
      <Filter>Header Files</Filter>
    </ClInclude>
    <ClInclude Include="include\ffmpeg\libavutil\display.h">
      <Filter>Header Files</Filter>
    </ClInclude>
    <ClInclude Include="include\ffmpeg\libavutil\dovi_meta.h">
      <Filter>Header Files</Filter>
    </ClInclude>
    <ClInclude Include="include\ffmpeg\libavutil\downmix_info.h">
      <Filter>Header Files</Filter>
    </ClInclude>
    <ClInclude Include="include\ffmpeg\libavutil\encryption_info.h">
      <Filter>Header Files</Filter>
    </ClInclude>
    <ClInclude Include="include\ffmpeg\libavutil\error.h">
      <Filter>Header Files</Filter>
    </ClInclude>
    <ClInclude Include="include\ffmpeg\libavutil\eval.h">
      <Filter>Header Files</Filter>
    </ClInclude>
    <ClInclude Include="include\ffmpeg\libavutil\executor.h">
      <Filter>Header Files</Filter>
    </ClInclude>
    <ClInclude Include="include\ffmpeg\libavutil\ffversion.h">
      <Filter>Header Files</Filter>
    </ClInclude>
    <ClInclude Include="include\ffmpeg\libavutil\fifo.h">
      <Filter>Header Files</Filter>
    </ClInclude>
    <ClInclude Include="include\ffmpeg\libavutil\file.h">
      <Filter>Header Files</Filter>
    </ClInclude>
    <ClInclude Include="include\ffmpeg\libavutil\film_grain_params.h">
      <Filter>Header Files</Filter>
    </ClInclude>
    <ClInclude Include="include\ffmpeg\libavutil\frame.h">
      <Filter>Header Files</Filter>
    </ClInclude>
    <ClInclude Include="include\ffmpeg\libavutil\hash.h">
      <Filter>Header Files</Filter>
    </ClInclude>
    <ClInclude Include="include\ffmpeg\libavutil\hdr_dynamic_metadata.h">
      <Filter>Header Files</Filter>
    </ClInclude>
    <ClInclude Include="include\ffmpeg\libavutil\hdr_dynamic_vivid_metadata.h">
      <Filter>Header Files</Filter>
    </ClInclude>
    <ClInclude Include="include\ffmpeg\libavutil\hmac.h">
      <Filter>Header Files</Filter>
    </ClInclude>
    <ClInclude Include="include\ffmpeg\libavutil\hwcontext.h">
      <Filter>Header Files</Filter>
    </ClInclude>
    <ClInclude Include="include\ffmpeg\libavutil\hwcontext_cuda.h">
      <Filter>Header Files</Filter>
    </ClInclude>
    <ClInclude Include="include\ffmpeg\libavutil\hwcontext_d3d11va.h">
      <Filter>Header Files</Filter>
    </ClInclude>
    <ClInclude Include="include\ffmpeg\libavutil\hwcontext_d3d12va.h">
      <Filter>Header Files</Filter>
    </ClInclude>
    <ClInclude Include="include\ffmpeg\libavutil\hwcontext_drm.h">
      <Filter>Header Files</Filter>
    </ClInclude>
    <ClInclude Include="include\ffmpeg\libavutil\hwcontext_dxva2.h">
      <Filter>Header Files</Filter>
    </ClInclude>
    <ClInclude Include="include\ffmpeg\libavutil\hwcontext_mediacodec.h">
      <Filter>Header Files</Filter>
    </ClInclude>
    <ClInclude Include="include\ffmpeg\libavutil\hwcontext_opencl.h">
      <Filter>Header Files</Filter>
    </ClInclude>
    <ClInclude Include="include\ffmpeg\libavutil\hwcontext_qsv.h">
      <Filter>Header Files</Filter>
    </ClInclude>
    <ClInclude Include="include\ffmpeg\libavutil\hwcontext_vaapi.h">
      <Filter>Header Files</Filter>
    </ClInclude>
    <ClInclude Include="include\ffmpeg\libavutil\hwcontext_vdpau.h">
      <Filter>Header Files</Filter>
    </ClInclude>
    <ClInclude Include="include\ffmpeg\libavutil\hwcontext_videotoolbox.h">
      <Filter>Header Files</Filter>
    </ClInclude>
    <ClInclude Include="include\ffmpeg\libavutil\hwcontext_vulkan.h">
      <Filter>Header Files</Filter>
    </ClInclude>
    <ClInclude Include="include\ffmpeg\libavutil\iamf.h">
      <Filter>Header Files</Filter>
    </ClInclude>
    <ClInclude Include="include\ffmpeg\libavutil\imgutils.h">
      <Filter>Header Files</Filter>
    </ClInclude>
    <ClInclude Include="include\ffmpeg\libavutil\intfloat.h">
      <Filter>Header Files</Filter>
    </ClInclude>
    <ClInclude Include="include\ffmpeg\libavutil\intreadwrite.h">
      <Filter>Header Files</Filter>
    </ClInclude>
    <ClInclude Include="include\ffmpeg\libavutil\lfg.h">
      <Filter>Header Files</Filter>
    </ClInclude>
    <ClInclude Include="include\ffmpeg\libavutil\log.h">
      <Filter>Header Files</Filter>
    </ClInclude>
    <ClInclude Include="include\ffmpeg\libavutil\lzo.h">
      <Filter>Header Files</Filter>
    </ClInclude>
    <ClInclude Include="include\ffmpeg\libavutil\macros.h">
      <Filter>Header Files</Filter>
    </ClInclude>
    <ClInclude Include="include\ffmpeg\libavutil\mastering_display_metadata.h">
      <Filter>Header Files</Filter>
    </ClInclude>
    <ClInclude Include="include\ffmpeg\libavutil\mathematics.h">
      <Filter>Header Files</Filter>
    </ClInclude>
    <ClInclude Include="include\ffmpeg\libavutil\md5.h">
      <Filter>Header Files</Filter>
    </ClInclude>
    <ClInclude Include="include\ffmpeg\libavutil\mem.h">
      <Filter>Header Files</Filter>
    </ClInclude>
    <ClInclude Include="include\ffmpeg\libavutil\motion_vector.h">
      <Filter>Header Files</Filter>
    </ClInclude>
    <ClInclude Include="include\ffmpeg\libavutil\murmur3.h">
      <Filter>Header Files</Filter>
    </ClInclude>
    <ClInclude Include="include\ffmpeg\libavutil\opt.h">
      <Filter>Header Files</Filter>
    </ClInclude>
    <ClInclude Include="include\ffmpeg\libavutil\parseutils.h">
      <Filter>Header Files</Filter>
    </ClInclude>
    <ClInclude Include="include\ffmpeg\libavutil\pixdesc.h">
      <Filter>Header Files</Filter>
    </ClInclude>
    <ClInclude Include="include\ffmpeg\libavutil\pixelutils.h">
      <Filter>Header Files</Filter>
    </ClInclude>
    <ClInclude Include="include\ffmpeg\libavutil\pixfmt.h">
      <Filter>Header Files</Filter>
    </ClInclude>
    <ClInclude Include="include\ffmpeg\libavutil\random_seed.h">
      <Filter>Header Files</Filter>
    </ClInclude>
    <ClInclude Include="include\ffmpeg\libavutil\rational.h">
      <Filter>Header Files</Filter>
    </ClInclude>
    <ClInclude Include="include\ffmpeg\libavutil\rc4.h">
      <Filter>Header Files</Filter>
    </ClInclude>
    <ClInclude Include="include\ffmpeg\libavutil\replaygain.h">
      <Filter>Header Files</Filter>
    </ClInclude>
    <ClInclude Include="include\ffmpeg\libavutil\ripemd.h">
      <Filter>Header Files</Filter>
    </ClInclude>
    <ClInclude Include="include\ffmpeg\libavutil\samplefmt.h">
      <Filter>Header Files</Filter>
    </ClInclude>
    <ClInclude Include="include\ffmpeg\libavutil\sha.h">
      <Filter>Header Files</Filter>
    </ClInclude>
    <ClInclude Include="include\ffmpeg\libavutil\sha512.h">
      <Filter>Header Files</Filter>
    </ClInclude>
    <ClInclude Include="include\ffmpeg\libavutil\spherical.h">
      <Filter>Header Files</Filter>
    </ClInclude>
    <ClInclude Include="include\ffmpeg\libavutil\stereo3d.h">
      <Filter>Header Files</Filter>
    </ClInclude>
    <ClInclude Include="include\ffmpeg\libavutil\tea.h">
      <Filter>Header Files</Filter>
    </ClInclude>
    <ClInclude Include="include\ffmpeg\libavutil\threadmessage.h">
      <Filter>Header Files</Filter>
    </ClInclude>
    <ClInclude Include="include\ffmpeg\libavutil\time.h">
      <Filter>Header Files</Filter>
    </ClInclude>
    <ClInclude Include="include\ffmpeg\libavutil\timecode.h">
      <Filter>Header Files</Filter>
    </ClInclude>
    <ClInclude Include="include\ffmpeg\libavutil\timestamp.h">
      <Filter>Header Files</Filter>
    </ClInclude>
    <ClInclude Include="include\ffmpeg\libavutil\tree.h">
      <Filter>Header Files</Filter>
    </ClInclude>
    <ClInclude Include="include\ffmpeg\libavutil\twofish.h">
      <Filter>Header Files</Filter>
    </ClInclude>
    <ClInclude Include="include\ffmpeg\libavutil\tx.h">
      <Filter>Header Files</Filter>
    </ClInclude>
    <ClInclude Include="include\ffmpeg\libavutil\uuid.h">
      <Filter>Header Files</Filter>
    </ClInclude>
    <ClInclude Include="include\ffmpeg\libavutil\version.h">
      <Filter>Header Files</Filter>
    </ClInclude>
    <ClInclude Include="include\ffmpeg\libavutil\video_enc_params.h">
      <Filter>Header Files</Filter>
    </ClInclude>
    <ClInclude Include="include\ffmpeg\libavutil\video_hint.h">
      <Filter>Header Files</Filter>
    </ClInclude>
    <ClInclude Include="include\ffmpeg\libavutil\xtea.h">
      <Filter>Header Files</Filter>
    </ClInclude>
    <ClInclude Include="include\ffmpeg\libpostproc\postprocess.h">
      <Filter>Header Files</Filter>
    </ClInclude>
    <ClInclude Include="include\ffmpeg\libpostproc\version.h">
      <Filter>Header Files</Filter>
    </ClInclude>
    <ClInclude Include="include\ffmpeg\libpostproc\version_major.h">
      <Filter>Header Files</Filter>
    </ClInclude>
    <ClInclude Include="include\ffmpeg\libswresample\swresample.h">
      <Filter>Header Files</Filter>
    </ClInclude>
    <ClInclude Include="include\ffmpeg\libswresample\version.h">
      <Filter>Header Files</Filter>
    </ClInclude>
    <ClInclude Include="include\ffmpeg\libswresample\version_major.h">
      <Filter>Header Files</Filter>
    </ClInclude>
    <ClInclude Include="include\ffmpeg\libswscale\swscale.h">
      <Filter>Header Files</Filter>
    </ClInclude>
    <ClInclude Include="include\ffmpeg\libswscale\version.h">
      <Filter>Header Files</Filter>
    </ClInclude>
    <ClInclude Include="include\ffmpeg\libswscale\version_major.h">
      <Filter>Header Files</Filter>
    </ClInclude>
    <ClInclude Include="VideoDecoder.h">
      <Filter>Header Files</Filter>
    </ClInclude>
    <ClInclude Include="VideoRenderer.h">
      <Filter>Header Files</Filter>
    </ClInclude>
    <ClInclude Include="AudioDecoder.h">
      <Filter>Header Files</Filter>
    </ClInclude>
    <ClInclude Include="AudioUtils.h">
      <Filter>Header Files</Filter>
    </ClInclude>
  </ItemGroup>
  <ItemGroup>
    <None Include="lib\ffmpeg\avcodec-61.def">
      <Filter>Source Files</Filter>
    </None>
    <None Include="lib\ffmpeg\avdevice-61.def">
      <Filter>Source Files</Filter>
    </None>
    <None Include="lib\ffmpeg\avfilter-10.def">
      <Filter>Source Files</Filter>
    </None>
    <None Include="lib\ffmpeg\avformat-61.def">
      <Filter>Source Files</Filter>
    </None>
    <None Include="lib\ffmpeg\avutil-59.def">
      <Filter>Source Files</Filter>
    </None>
    <None Include="lib\ffmpeg\postproc-58.def">
      <Filter>Source Files</Filter>
    </None>
    <None Include="lib\ffmpeg\swresample-5.def">
      <Filter>Source Files</Filter>
    </None>
    <None Include="lib\ffmpeg\swscale-8.def">
      <Filter>Source Files</Filter>
    </None>
    <None Include="SDL3.dll" />
  </ItemGroup>
  <ItemGroup>
    <Library Include="lib\ffmpeg\avcodec.lib" />
    <Library Include="lib\ffmpeg\avdevice.lib" />
    <Library Include="lib\ffmpeg\avfilter.lib" />
    <Library Include="lib\ffmpeg\avformat.lib" />
    <Library Include="lib\ffmpeg\avutil.lib" />
    <Library Include="lib\ffmpeg\libavcodec.dll.a" />
    <Library Include="lib\ffmpeg\libavdevice.dll.a" />
    <Library Include="lib\ffmpeg\libavfilter.dll.a" />
    <Library Include="lib\ffmpeg\libavformat.dll.a" />
    <Library Include="lib\ffmpeg\libavutil.dll.a" />
    <Library Include="lib\ffmpeg\libpostproc.dll.a" />
    <Library Include="lib\ffmpeg\libswresample.dll.a" />
    <Library Include="lib\ffmpeg\libswscale.dll.a" />
    <Library Include="lib\ffmpeg\postproc.lib" />
    <Library Include="lib\ffmpeg\swresample.lib" />
    <Library Include="lib\ffmpeg\swscale.lib" />
  </ItemGroup>
  <ItemGroup>
    <Media Include="sample.mp4" />
  </ItemGroup>
</Project>